<?xml version="1.0" encoding="utf-8"?>
<Project ToolsVersion="14.0" xmlns="http://schemas.microsoft.com/developer/msbuild/2003">
  <ItemGroup>
    <ClCompile Include="D:\Learn CCcode\CloudCompare-master\qCC\cc2.5DimEditor.cpp">
      <Filter>Source Files</Filter>
    </ClCompile>
    <ClCompile Include="D:\Learn CCcode\CloudCompare-master\qCC\ccAboutDialog.cpp">
      <Filter>Source Files</Filter>
    </ClCompile>
    <ClCompile Include="D:\Learn CCcode\CloudCompare-master\qCC\ccAdjustZoomDlg.cpp">
      <Filter>Source Files</Filter>
    </ClCompile>
    <ClCompile Include="D:\Learn CCcode\CloudCompare-master\qCC\ccAlignDlg.cpp">
      <Filter>Source Files</Filter>
    </ClCompile>
    <ClCompile Include="D:\Learn CCcode\CloudCompare-master\qCC\ccApplyTransformationDlg.cpp">
      <Filter>Source Files</Filter>
    </ClCompile>
    <ClCompile Include="D:\Learn CCcode\CloudCompare-master\qCC\ccAskThreeDoubleValuesDlg.cpp">
      <Filter>Source Files</Filter>
    </ClCompile>
    <ClCompile Include="D:\Learn CCcode\CloudCompare-master\qCC\ccAskTwoDoubleValuesDlg.cpp">
      <Filter>Source Files</Filter>
    </ClCompile>
    <ClCompile Include="D:\Learn CCcode\CloudCompare-master\qCC\ccBoundingBoxEditorDlg.cpp">
      <Filter>Source Files</Filter>
    </ClCompile>
    <ClCompile Include="D:\Learn CCcode\CloudCompare-master\qCC\ccCameraParamEditDlg.cpp">
      <Filter>Source Files</Filter>
    </ClCompile>
    <ClCompile Include="D:\Learn CCcode\CloudCompare-master\qCC\ccCamSensorProjectionDlg.cpp">
      <Filter>Source Files</Filter>
    </ClCompile>
    <ClCompile Include="D:\Learn CCcode\CloudCompare-master\qCC\ccClippingBoxRepeatDlg.cpp">
      <Filter>Source Files</Filter>
    </ClCompile>
    <ClCompile Include="D:\Learn CCcode\CloudCompare-master\qCC\ccClippingBoxTool.cpp">
      <Filter>Source Files</Filter>
    </ClCompile>
    <ClCompile Include="D:\Learn CCcode\CloudCompare-master\qCC\ccColorGradientDlg.cpp">
      <Filter>Source Files</Filter>
    </ClCompile>
    <ClCompile Include="D:\Learn CCcode\CloudCompare-master\qCC\ccColorLevelsDlg.cpp">
      <Filter>Source Files</Filter>
    </ClCompile>
    <ClCompile Include="D:\Learn CCcode\CloudCompare-master\qCC\ccColorScaleEditorDlg.cpp">
      <Filter>Source Files</Filter>
    </ClCompile>
    <ClCompile Include="D:\Learn CCcode\CloudCompare-master\qCC\ccColorScaleEditorWidget.cpp">
      <Filter>Source Files</Filter>
    </ClCompile>
    <ClCompile Include="D:\Learn CCcode\CloudCompare-master\qCC\ccColorScaleSelector.cpp">
      <Filter>Source Files</Filter>
    </ClCompile>
    <ClCompile Include="D:\Learn CCcode\CloudCompare-master\qCC\ccCommandLineParser.cpp">
      <Filter>Source Files</Filter>
    </ClCompile>
    <ClCompile Include="D:\Learn CCcode\CloudCompare-master\qCC\ccCommon.cpp">
      <Filter>Source Files</Filter>
    </ClCompile>
    <ClCompile Include="D:\Learn CCcode\CloudCompare-master\qCC\ccComparisonDlg.cpp">
      <Filter>Source Files</Filter>
    </ClCompile>
    <ClCompile Include="D:\Learn CCcode\CloudCompare-master\qCC\ccComputeOctreeDlg.cpp">
      <Filter>Source Files</Filter>
    </ClCompile>
    <ClCompile Include="D:\Learn CCcode\CloudCompare-master\qCC\ccConsole.cpp">
      <Filter>Source Files</Filter>
    </ClCompile>
    <ClCompile Include="D:\Learn CCcode\CloudCompare-master\qCC\ccContourExtractor.cpp">
      <Filter>Source Files</Filter>
    </ClCompile>
    <ClCompile Include="D:\Learn CCcode\CloudCompare-master\qCC\ccContourExtractorDlg.cpp">
      <Filter>Source Files</Filter>
    </ClCompile>
    <ClCompile Include="D:\Learn CCcode\CloudCompare-master\qCC\ccCropTool.cpp">
      <Filter>Source Files</Filter>
    </ClCompile>
    <ClCompile Include="D:\Learn CCcode\CloudCompare-master\qCC\ccCurvatureDlg.cpp">
      <Filter>Source Files</Filter>
    </ClCompile>
    <ClCompile Include="D:\Learn CCcode\CloudCompare-master\qCC\ccDensityDlg.cpp">
      <Filter>Source Files</Filter>
    </ClCompile>
    <ClCompile Include="D:\Learn CCcode\CloudCompare-master\qCC\ccDisplayOptionsDlg.cpp">
      <Filter>Source Files</Filter>
    </ClCompile>
    <ClCompile Include="D:\Learn CCcode\CloudCompare-master\qCC\ccEntityAction.cpp">
      <Filter>Source Files</Filter>
    </ClCompile>
    <ClCompile Include="D:\Learn CCcode\CloudCompare-master\qCC\ccExportCoordToSFDlg.cpp">
      <Filter>Source Files</Filter>
    </ClCompile>
    <ClCompile Include="D:\Learn CCcode\CloudCompare-master\qCC\ccFilterByValueDlg.cpp">
      <Filter>Source Files</Filter>
    </ClCompile>
    <ClCompile Include="D:\Learn CCcode\CloudCompare-master\qCC\ccGBLSensorProjectionDlg.cpp">
      <Filter>Source Files</Filter>
    </ClCompile>
    <ClCompile Include="D:\Learn CCcode\CloudCompare-master\qCC\ccGraphicalSegmentationTool.cpp">
      <Filter>Source Files</Filter>
    </ClCompile>
    <ClCompile Include="D:\Learn CCcode\CloudCompare-master\qCC\ccGraphicalTransformationTool.cpp">
      <Filter>Source Files</Filter>
    </ClCompile>
    <ClCompile Include="D:\Learn CCcode\CloudCompare-master\qCC\ccHistogramWindow.cpp">
      <Filter>Source Files</Filter>
    </ClCompile>
    <ClCompile Include="D:\Learn CCcode\CloudCompare-master\qCC\ccInnerRect2DFinder.cpp">
      <Filter>Source Files</Filter>
    </ClCompile>
    <ClCompile Include="D:\Learn CCcode\CloudCompare-master\qCC\ccInterpolationDlg.cpp">
      <Filter>Source Files</Filter>
    </ClCompile>
    <ClCompile Include="D:\Learn CCcode\CloudCompare-master\qCC\ccItemSelectionDlg.cpp">
      <Filter>Source Files</Filter>
    </ClCompile>
    <ClCompile Include="D:\Learn CCcode\CloudCompare-master\qCC\ccLabelingDlg.cpp">
      <Filter>Source Files</Filter>
    </ClCompile>
    <ClCompile Include="D:\Learn CCcode\CloudCompare-master\qCC\ccLibAlgorithms.cpp">
      <Filter>Source Files</Filter>
    </ClCompile>
    <ClCompile Include="D:\Learn CCcode\CloudCompare-master\qCC\ccMatchScalesDlg.cpp">
      <Filter>Source Files</Filter>
    </ClCompile>
    <ClCompile Include="D:\Learn CCcode\CloudCompare-master\qCC\ccNoiseFilterDlg.cpp">
      <Filter>Source Files</Filter>
    </ClCompile>
    <ClCompile Include="D:\Learn CCcode\CloudCompare-master\qCC\ccNormalComputationDlg.cpp">
      <Filter>Source Files</Filter>
    </ClCompile>
    <ClCompile Include="D:\Learn CCcode\CloudCompare-master\qCC\ccOrderChoiceDlg.cpp">
      <Filter>Source Files</Filter>
    </ClCompile>
    <ClCompile Include="D:\Learn CCcode\CloudCompare-master\qCC\ccOrthoSectionGenerationDlg.cpp">
      <Filter>Source Files</Filter>
    </ClCompile>
    <ClCompile Include="D:\Learn CCcode\CloudCompare-master\qCC\ccOverlayDialog.cpp">
      <Filter>Source Files</Filter>
    </ClCompile>
    <ClCompile Include="D:\Learn CCcode\CloudCompare-master\qCC\ccPickingHub.cpp">
      <Filter>Source Files</Filter>
    </ClCompile>
    <ClCompile Include="D:\Learn CCcode\CloudCompare-master\qCC\ccPickOneElementDlg.cpp">
      <Filter>Source Files</Filter>
    </ClCompile>
    <ClCompile Include="D:\Learn CCcode\CloudCompare-master\qCC\ccPlaneEditDlg.cpp">
      <Filter>Source Files</Filter>
    </ClCompile>
    <ClCompile Include="D:\Learn CCcode\CloudCompare-master\qCC\ccPluginDlg.cpp">
      <Filter>Source Files</Filter>
    </ClCompile>
    <ClCompile Include="D:\Learn CCcode\CloudCompare-master\qCC\ccPointListPickingDlg.cpp">
      <Filter>Source Files</Filter>
    </ClCompile>
    <ClCompile Include="D:\Learn CCcode\CloudCompare-master\qCC\ccPointPairRegistrationDlg.cpp">
      <Filter>Source Files</Filter>
    </ClCompile>
    <ClCompile Include="D:\Learn CCcode\CloudCompare-master\qCC\ccPointPickingGenericInterface.cpp">
      <Filter>Source Files</Filter>
    </ClCompile>
    <ClCompile Include="D:\Learn CCcode\CloudCompare-master\qCC\ccPointPropertiesDlg.cpp">
      <Filter>Source Files</Filter>
    </ClCompile>
    <ClCompile Include="D:\Learn CCcode\CloudCompare-master\qCC\ccPrimitiveFactoryDlg.cpp">
      <Filter>Source Files</Filter>
    </ClCompile>
    <ClCompile Include="D:\Learn CCcode\CloudCompare-master\qCC\ccPtsSamplingDlg.cpp">
      <Filter>Source Files</Filter>
    </ClCompile>
    <ClCompile Include="D:\Learn CCcode\CloudCompare-master\qCC\ccRasterizeTool.cpp">
      <Filter>Source Files</Filter>
    </ClCompile>
    <ClCompile Include="D:\Learn CCcode\CloudCompare-master\qCC\ccRecentFiles.cpp">
      <Filter>Source Files</Filter>
    </ClCompile>
    <ClCompile Include="D:\Learn CCcode\CloudCompare-master\qCC\ccRegistrationDlg.cpp">
      <Filter>Source Files</Filter>
    </ClCompile>
    <ClCompile Include="D:\Learn CCcode\CloudCompare-master\qCC\ccRegistrationTools.cpp">
      <Filter>Source Files</Filter>
    </ClCompile>
    <ClCompile Include="D:\Learn CCcode\CloudCompare-master\qCC\ccRenderToFileDlg.cpp">
      <Filter>Source Files</Filter>
    </ClCompile>
    <ClCompile Include="D:\Learn CCcode\CloudCompare-master\qCC\ccScalarFieldArithmeticsDlg.cpp">
      <Filter>Source Files</Filter>
    </ClCompile>
    <ClCompile Include="D:\Learn CCcode\CloudCompare-master\qCC\ccScalarFieldFromColorDlg.cpp">
      <Filter>Source Files</Filter>
    </ClCompile>
    <ClCompile Include="D:\Learn CCcode\CloudCompare-master\qCC\ccScaleDlg.cpp">
      <Filter>Source Files</Filter>
    </ClCompile>
    <ClCompile Include="D:\Learn CCcode\CloudCompare-master\qCC\ccSectionExtractionSubDlg.cpp">
      <Filter>Source Files</Filter>
    </ClCompile>
    <ClCompile Include="D:\Learn CCcode\CloudCompare-master\qCC\ccSectionExtractionTool.cpp">
      <Filter>Source Files</Filter>
    </ClCompile>
    <ClCompile Include="D:\Learn CCcode\CloudCompare-master\qCC\ccSelectChildrenDlg.cpp">
      <Filter>Source Files</Filter>
    </ClCompile>
    <ClCompile Include="D:\Learn CCcode\CloudCompare-master\qCC\ccSensorComputeDistancesDlg.cpp">
      <Filter>Source Files</Filter>
    </ClCompile>
    <ClCompile Include="D:\Learn CCcode\CloudCompare-master\qCC\ccSensorComputeScatteringAnglesDlg.cpp">
      <Filter>Source Files</Filter>
    </ClCompile>
    <ClCompile Include="D:\Learn CCcode\CloudCompare-master\qCC\ccSORFilterDlg.cpp">
      <Filter>Source Files</Filter>
    </ClCompile>
    <ClCompile Include="D:\Learn CCcode\CloudCompare-master\qCC\ccStatisticalTestDlg.cpp">
      <Filter>Source Files</Filter>
    </ClCompile>
    <ClCompile Include="D:\Learn CCcode\CloudCompare-master\qCC\ccStereoModeDlg.cpp">
      <Filter>Source Files</Filter>
    </ClCompile>
    <ClCompile Include="D:\Learn CCcode\CloudCompare-master\qCC\ccSubsamplingDlg.cpp">
      <Filter>Source Files</Filter>
    </ClCompile>
    <ClCompile Include="D:\Learn CCcode\CloudCompare-master\qCC\ccTracePolylineTool.cpp">
      <Filter>Source Files</Filter>
    </ClCompile>
    <ClCompile Include="D:\Learn CCcode\CloudCompare-master\qCC\ccUnrollDlg.cpp">
      <Filter>Source Files</Filter>
    </ClCompile>
    <ClCompile Include="D:\Learn CCcode\CloudCompare-master\qCC\ccUtils.cpp">
      <Filter>Source Files</Filter>
    </ClCompile>
    <ClCompile Include="D:\Learn CCcode\CloudCompare-master\qCC\ccVolumeCalcTool.cpp">
      <Filter>Source Files</Filter>
    </ClCompile>
    <ClCompile Include="D:\Learn CCcode\CloudCompare-master\qCC\ccWaveformDialog.cpp">
      <Filter>Source Files</Filter>
    </ClCompile>
    <ClCompile Include="D:\Learn CCcode\CloudCompare-master\qCC\main.cpp">
      <Filter>Source Files</Filter>
    </ClCompile>
    <ClCompile Include="D:\Learn CCcode\CloudCompare-master\qCC\mainwindow.cpp">
      <Filter>Source Files</Filter>
    </ClCompile>
    <ClCompile Include="D:\Learn CCcode\CloudCompare-master\qCC\db_tree\ccDBRoot.cpp">
      <Filter>Source Files</Filter>
    </ClCompile>
    <ClCompile Include="D:\Learn CCcode\CloudCompare-master\qCC\db_tree\ccPropertiesTreeDelegate.cpp">
      <Filter>Source Files</Filter>
    </ClCompile>
    <ClCompile Include="D:\Learn CCcode\CloudCompare-master\qCC\db_tree\matrixDisplayDlg.cpp">
      <Filter>Source Files</Filter>
    </ClCompile>
    <ClCompile Include="D:\Learn CCcode\CloudCompare-master\qCC\db_tree\sfEditDlg.cpp">
      <Filter>Source Files</Filter>
    </ClCompile>
    <ClCompile Include="D:\Learn CCcode\CC_code\qCC\qrc_icones.cpp">
      <Filter>Source Files</Filter>
    </ClCompile>
    <ClCompile Include="D:\Learn CCcode\CC_code\qCC\CloudCompare_automoc.cpp">
      <Filter>Source Files</Filter>
    </ClCompile>
  </ItemGroup>
  <ItemGroup>
    <ClInclude Include="D:\Learn CCcode\CloudCompare-master\qCC\cc2.5DimEditor.h">
      <Filter>Header Files</Filter>
    </ClInclude>
    <ClInclude Include="D:\Learn CCcode\CloudCompare-master\qCC\ccAboutDialog.h">
      <Filter>Header Files</Filter>
    </ClInclude>
    <ClInclude Include="D:\Learn CCcode\CloudCompare-master\qCC\ccAdjustZoomDlg.h">
      <Filter>Header Files</Filter>
    </ClInclude>
    <ClInclude Include="D:\Learn CCcode\CloudCompare-master\qCC\ccAlignDlg.h">
      <Filter>Header Files</Filter>
    </ClInclude>
    <ClInclude Include="D:\Learn CCcode\CloudCompare-master\qCC\ccApplyTransformationDlg.h">
      <Filter>Header Files</Filter>
    </ClInclude>
    <ClInclude Include="D:\Learn CCcode\CloudCompare-master\qCC\ccAskThreeDoubleValuesDlg.h">
      <Filter>Header Files</Filter>
    </ClInclude>
    <ClInclude Include="D:\Learn CCcode\CloudCompare-master\qCC\ccAskTwoDoubleValuesDlg.h">
      <Filter>Header Files</Filter>
    </ClInclude>
    <ClInclude Include="D:\Learn CCcode\CloudCompare-master\qCC\ccBoundingBoxEditorDlg.h">
      <Filter>Header Files</Filter>
    </ClInclude>
    <ClInclude Include="D:\Learn CCcode\CloudCompare-master\qCC\ccCameraParamEditDlg.h">
      <Filter>Header Files</Filter>
    </ClInclude>
    <ClInclude Include="D:\Learn CCcode\CloudCompare-master\qCC\ccCamSensorProjectionDlg.h">
      <Filter>Header Files</Filter>
    </ClInclude>
    <ClInclude Include="D:\Learn CCcode\CloudCompare-master\qCC\ccClippingBoxRepeatDlg.h">
      <Filter>Header Files</Filter>
    </ClInclude>
    <ClInclude Include="D:\Learn CCcode\CloudCompare-master\qCC\ccClippingBoxTool.h">
      <Filter>Header Files</Filter>
    </ClInclude>
    <ClInclude Include="D:\Learn CCcode\CloudCompare-master\qCC\ccColorGradientDlg.h">
      <Filter>Header Files</Filter>
    </ClInclude>
    <ClInclude Include="D:\Learn CCcode\CloudCompare-master\qCC\ccColorLevelsDlg.h">
      <Filter>Header Files</Filter>
    </ClInclude>
    <ClInclude Include="D:\Learn CCcode\CloudCompare-master\qCC\ccColorScaleEditorDlg.h">
      <Filter>Header Files</Filter>
    </ClInclude>
    <ClInclude Include="D:\Learn CCcode\CloudCompare-master\qCC\ccColorScaleEditorWidget.h">
      <Filter>Header Files</Filter>
    </ClInclude>
    <ClInclude Include="D:\Learn CCcode\CloudCompare-master\qCC\ccColorScaleSelector.h">
      <Filter>Header Files</Filter>
    </ClInclude>
    <ClInclude Include="D:\Learn CCcode\CloudCompare-master\qCC\ccCommandCrossSection.h">
      <Filter>Header Files</Filter>
    </ClInclude>
    <ClInclude Include="D:\Learn CCcode\CloudCompare-master\qCC\ccCommandLineCommands.h">
      <Filter>Header Files</Filter>
    </ClInclude>
    <ClInclude Include="D:\Learn CCcode\CloudCompare-master\qCC\ccCommandLineParser.h">
      <Filter>Header Files</Filter>
    </ClInclude>
    <ClInclude Include="D:\Learn CCcode\CloudCompare-master\qCC\ccCommandRaster.h">
      <Filter>Header Files</Filter>
    </ClInclude>
    <ClInclude Include="D:\Learn CCcode\CloudCompare-master\qCC\ccCommon.h">
      <Filter>Header Files</Filter>
    </ClInclude>
    <ClInclude Include="D:\Learn CCcode\CloudCompare-master\qCC\ccComparisonDlg.h">
      <Filter>Header Files</Filter>
    </ClInclude>
    <ClInclude Include="D:\Learn CCcode\CloudCompare-master\qCC\ccComputeOctreeDlg.h">
      <Filter>Header Files</Filter>
    </ClInclude>
    <ClInclude Include="D:\Learn CCcode\CloudCompare-master\qCC\ccConsole.h">
      <Filter>Header Files</Filter>
    </ClInclude>
    <ClInclude Include="D:\Learn CCcode\CloudCompare-master\qCC\ccContourExtractor.h">
      <Filter>Header Files</Filter>
    </ClInclude>
    <ClInclude Include="D:\Learn CCcode\CloudCompare-master\qCC\ccContourExtractorDlg.h">
      <Filter>Header Files</Filter>
    </ClInclude>
    <ClInclude Include="D:\Learn CCcode\CloudCompare-master\qCC\ccCropTool.h">
      <Filter>Header Files</Filter>
    </ClInclude>
    <ClInclude Include="D:\Learn CCcode\CloudCompare-master\qCC\ccCurvatureDlg.h">
      <Filter>Header Files</Filter>
    </ClInclude>
    <ClInclude Include="D:\Learn CCcode\CloudCompare-master\qCC\ccCustomDoubleValidator.h">
      <Filter>Header Files</Filter>
    </ClInclude>
    <ClInclude Include="D:\Learn CCcode\CloudCompare-master\qCC\ccDensityDlg.h">
      <Filter>Header Files</Filter>
    </ClInclude>
    <ClInclude Include="D:\Learn CCcode\CloudCompare-master\qCC\ccDisplayOptionsDlg.h">
      <Filter>Header Files</Filter>
    </ClInclude>
    <ClInclude Include="D:\Learn CCcode\CloudCompare-master\qCC\ccEntityAction.h">
      <Filter>Header Files</Filter>
    </ClInclude>
    <ClInclude Include="D:\Learn CCcode\CloudCompare-master\qCC\ccExportCoordToSFDlg.h">
      <Filter>Header Files</Filter>
    </ClInclude>
    <ClInclude Include="D:\Learn CCcode\CloudCompare-master\qCC\ccFilterByValueDlg.h">
      <Filter>Header Files</Filter>
    </ClInclude>
    <ClInclude Include="D:\Learn CCcode\CloudCompare-master\qCC\ccGBLSensorProjectionDlg.h">
      <Filter>Header Files</Filter>
    </ClInclude>
    <ClInclude Include="D:\Learn CCcode\CloudCompare-master\qCC\ccGraphicalSegmentationTool.h">
      <Filter>Header Files</Filter>
    </ClInclude>
    <ClInclude Include="D:\Learn CCcode\CloudCompare-master\qCC\ccGraphicalTransformationTool.h">
      <Filter>Header Files</Filter>
    </ClInclude>
    <ClInclude Include="D:\Learn CCcode\CloudCompare-master\qCC\ccHistogramWindow.h">
      <Filter>Header Files</Filter>
    </ClInclude>
    <ClInclude Include="D:\Learn CCcode\CloudCompare-master\qCC\ccInnerRect2DFinder.h">
      <Filter>Header Files</Filter>
    </ClInclude>
    <ClInclude Include="D:\Learn CCcode\CloudCompare-master\qCC\ccInterpolationDlg.h">
      <Filter>Header Files</Filter>
    </ClInclude>
    <ClInclude Include="D:\Learn CCcode\CloudCompare-master\qCC\ccIsolines.h">
      <Filter>Header Files</Filter>
    </ClInclude>
    <ClInclude Include="D:\Learn CCcode\CloudCompare-master\qCC\ccItemSelectionDlg.h">
      <Filter>Header Files</Filter>
    </ClInclude>
    <ClInclude Include="D:\Learn CCcode\CloudCompare-master\qCC\ccLabelingDlg.h">
      <Filter>Header Files</Filter>
    </ClInclude>
    <ClInclude Include="D:\Learn CCcode\CloudCompare-master\qCC\ccLibAlgorithms.h">
      <Filter>Header Files</Filter>
    </ClInclude>
    <ClInclude Include="D:\Learn CCcode\CloudCompare-master\qCC\ccMatchScalesDlg.h">
      <Filter>Header Files</Filter>
    </ClInclude>
    <ClInclude Include="D:\Learn CCcode\CloudCompare-master\qCC\ccNoiseFilterDlg.h">
      <Filter>Header Files</Filter>
    </ClInclude>
    <ClInclude Include="D:\Learn CCcode\CloudCompare-master\qCC\ccNormalComputationDlg.h">
      <Filter>Header Files</Filter>
    </ClInclude>
    <ClInclude Include="D:\Learn CCcode\CloudCompare-master\qCC\ccOrderChoiceDlg.h">
      <Filter>Header Files</Filter>
    </ClInclude>
    <ClInclude Include="D:\Learn CCcode\CloudCompare-master\qCC\ccOrthoSectionGenerationDlg.h">
      <Filter>Header Files</Filter>
    </ClInclude>
    <ClInclude Include="D:\Learn CCcode\CloudCompare-master\qCC\ccOverlayDialog.h">
      <Filter>Header Files</Filter>
    </ClInclude>
    <ClInclude Include="D:\Learn CCcode\CloudCompare-master\qCC\ccPersistentSettings.h">
      <Filter>Header Files</Filter>
    </ClInclude>
    <ClInclude Include="D:\Learn CCcode\CloudCompare-master\qCC\ccPickingHub.h">
      <Filter>Header Files</Filter>
    </ClInclude>
    <ClInclude Include="D:\Learn CCcode\CloudCompare-master\qCC\ccPickingListener.h">
      <Filter>Header Files</Filter>
    </ClInclude>
    <ClInclude Include="D:\Learn CCcode\CloudCompare-master\qCC\ccPickOneElementDlg.h">
      <Filter>Header Files</Filter>
    </ClInclude>
    <ClInclude Include="D:\Learn CCcode\CloudCompare-master\qCC\ccPlaneEditDlg.h">
      <Filter>Header Files</Filter>
    </ClInclude>
    <ClInclude Include="D:\Learn CCcode\CloudCompare-master\qCC\ccPluginDlg.h">
      <Filter>Header Files</Filter>
    </ClInclude>
    <ClInclude Include="D:\Learn CCcode\CloudCompare-master\qCC\ccPointListPickingDlg.h">
      <Filter>Header Files</Filter>
    </ClInclude>
    <ClInclude Include="D:\Learn CCcode\CloudCompare-master\qCC\ccPointPairRegistrationDlg.h">
      <Filter>Header Files</Filter>
    </ClInclude>
    <ClInclude Include="D:\Learn CCcode\CloudCompare-master\qCC\ccPointPickingGenericInterface.h">
      <Filter>Header Files</Filter>
    </ClInclude>
    <ClInclude Include="D:\Learn CCcode\CloudCompare-master\qCC\ccPointPropertiesDlg.h">
      <Filter>Header Files</Filter>
    </ClInclude>
    <ClInclude Include="D:\Learn CCcode\CloudCompare-master\qCC\ccPrimitiveFactoryDlg.h">
      <Filter>Header Files</Filter>
    </ClInclude>
    <ClInclude Include="D:\Learn CCcode\CloudCompare-master\qCC\ccPtsSamplingDlg.h">
      <Filter>Header Files</Filter>
    </ClInclude>
    <ClInclude Include="D:\Learn CCcode\CloudCompare-master\qCC\ccQCustomPlot.h">
      <Filter>Header Files</Filter>
    </ClInclude>
    <ClInclude Include="D:\Learn CCcode\CloudCompare-master\qCC\ccQtHelpers.h">
      <Filter>Header Files</Filter>
    </ClInclude>
    <ClInclude Include="D:\Learn CCcode\CloudCompare-master\qCC\ccRasterizeTool.h">
      <Filter>Header Files</Filter>
    </ClInclude>
    <ClInclude Include="D:\Learn CCcode\CloudCompare-master\qCC\ccRecentFiles.h">
      <Filter>Header Files</Filter>
    </ClInclude>
    <ClInclude Include="D:\Learn CCcode\CloudCompare-master\qCC\ccRegistrationDlg.h">
      <Filter>Header Files</Filter>
    </ClInclude>
    <ClInclude Include="D:\Learn CCcode\CloudCompare-master\qCC\ccRegistrationTools.h">
      <Filter>Header Files</Filter>
    </ClInclude>
    <ClInclude Include="D:\Learn CCcode\CloudCompare-master\qCC\ccRenderToFileDlg.h">
      <Filter>Header Files</Filter>
    </ClInclude>
    <ClInclude Include="D:\Learn CCcode\CloudCompare-master\qCC\ccScalarFieldArithmeticsDlg.h">
      <Filter>Header Files</Filter>
    </ClInclude>
    <ClInclude Include="D:\Learn CCcode\CloudCompare-master\qCC\ccScalarFieldFromColorDlg.h">
      <Filter>Header Files</Filter>
    </ClInclude>
    <ClInclude Include="D:\Learn CCcode\CloudCompare-master\qCC\ccScaleDlg.h">
      <Filter>Header Files</Filter>
    </ClInclude>
    <ClInclude Include="D:\Learn CCcode\CloudCompare-master\qCC\ccSectionExtractionSubDlg.h">
      <Filter>Header Files</Filter>
    </ClInclude>
    <ClInclude Include="D:\Learn CCcode\CloudCompare-master\qCC\ccSectionExtractionTool.h">
      <Filter>Header Files</Filter>
    </ClInclude>
    <ClInclude Include="D:\Learn CCcode\CloudCompare-master\qCC\ccSelectChildrenDlg.h">
      <Filter>Header Files</Filter>
    </ClInclude>
    <ClInclude Include="D:\Learn CCcode\CloudCompare-master\qCC\ccSensorComputeDistancesDlg.h">
      <Filter>Header Files</Filter>
    </ClInclude>
    <ClInclude Include="D:\Learn CCcode\CloudCompare-master\qCC\ccSensorComputeScatteringAnglesDlg.h">
      <Filter>Header Files</Filter>
    </ClInclude>
    <ClInclude Include="D:\Learn CCcode\CloudCompare-master\qCC\ccSORFilterDlg.h">
      <Filter>Header Files</Filter>
    </ClInclude>
    <ClInclude Include="D:\Learn CCcode\CloudCompare-master\qCC\ccStatisticalTestDlg.h">
      <Filter>Header Files</Filter>
    </ClInclude>
    <ClInclude Include="D:\Learn CCcode\CloudCompare-master\qCC\ccStereoModeDlg.h">
      <Filter>Header Files</Filter>
    </ClInclude>
    <ClInclude Include="D:\Learn CCcode\CloudCompare-master\qCC\ccSubsamplingDlg.h">
      <Filter>Header Files</Filter>
    </ClInclude>
    <ClInclude Include="D:\Learn CCcode\CloudCompare-master\qCC\ccTracePolylineTool.h">
      <Filter>Header Files</Filter>
    </ClInclude>
    <ClInclude Include="D:\Learn CCcode\CloudCompare-master\qCC\ccUnrollDlg.h">
      <Filter>Header Files</Filter>
    </ClInclude>
    <ClInclude Include="D:\Learn CCcode\CloudCompare-master\qCC\ccUtils.h">
      <Filter>Header Files</Filter>
    </ClInclude>
    <ClInclude Include="D:\Learn CCcode\CloudCompare-master\qCC\ccVolumeCalcTool.h">
      <Filter>Header Files</Filter>
    </ClInclude>
    <ClInclude Include="D:\Learn CCcode\CloudCompare-master\qCC\ccWaveformDialog.h">
      <Filter>Header Files</Filter>
    </ClInclude>
    <ClInclude Include="D:\Learn CCcode\CloudCompare-master\qCC\mainwindow.h">
      <Filter>Header Files</Filter>
    </ClInclude>
    <ClInclude Include="D:\Learn CCcode\CloudCompare-master\qCC\db_tree\ccDBRoot.h">
      <Filter>Header Files</Filter>
    </ClInclude>
    <ClInclude Include="D:\Learn CCcode\CloudCompare-master\qCC\db_tree\ccPropertiesTreeDelegate.h">
      <Filter>Header Files</Filter>
    </ClInclude>
    <ClInclude Include="D:\Learn CCcode\CloudCompare-master\qCC\db_tree\matrixDisplayDlg.h">
      <Filter>Header Files</Filter>
    </ClInclude>
    <ClInclude Include="D:\Learn CCcode\CloudCompare-master\qCC\db_tree\sfEditDlg.h">
      <Filter>Header Files</Filter>
    </ClInclude>
    <ClInclude Include="D:\Learn CCcode\CC_code\qCC\ui_aboutDlg.h">
      <Filter>Header Files</Filter>
    </ClInclude>
    <ClInclude Include="D:\Learn CCcode\CC_code\qCC\ui_adjustZoomDlg.h">
      <Filter>Header Files</Filter>
    </ClInclude>
    <ClInclude Include="D:\Learn CCcode\CC_code\qCC\ui_alignDlg.h">
      <Filter>Header Files</Filter>
    </ClInclude>
    <ClInclude Include="D:\Learn CCcode\CC_code\qCC\ui_applyTransformationDlg.h">
      <Filter>Header Files</Filter>
    </ClInclude>
    <ClInclude Include="D:\Learn CCcode\CC_code\qCC\ui_askOneDoubleValueDlg.h">
      <Filter>Header Files</Filter>
    </ClInclude>
    <ClInclude Include="D:\Learn CCcode\CC_code\qCC\ui_askOneIntValueDlg.h">
      <Filter>Header Files</Filter>
    </ClInclude>
    <ClInclude Include="D:\Learn CCcode\CC_code\qCC\ui_askOneStringDlg.h">
      <Filter>Header Files</Filter>
    </ClInclude>
    <ClInclude Include="D:\Learn CCcode\CC_code\qCC\ui_askThreeDoubleValuesDlg.h">
      <Filter>Header Files</Filter>
    </ClInclude>
    <ClInclude Include="D:\Learn CCcode\CC_code\qCC\ui_askTwoDoubleValuesDlg.h">
      <Filter>Header Files</Filter>
    </ClInclude>
    <ClInclude Include="D:\Learn CCcode\CC_code\qCC\ui_boundingBoxEditorDlg.h">
      <Filter>Header Files</Filter>
    </ClInclude>
    <ClInclude Include="D:\Learn CCcode\CC_code\qCC\ui_cameraParamDlg.h">
      <Filter>Header Files</Filter>
    </ClInclude>
    <ClInclude Include="D:\Learn CCcode\CC_code\qCC\ui_camSensorProjectDlg.h">
      <Filter>Header Files</Filter>
    </ClInclude>
    <ClInclude Include="D:\Learn CCcode\CC_code\qCC\ui_clippingBoxDlg.h">
      <Filter>Header Files</Filter>
    </ClInclude>
    <ClInclude Include="D:\Learn CCcode\CC_code\qCC\ui_clippingBoxRepeatDlg.h">
      <Filter>Header Files</Filter>
    </ClInclude>
    <ClInclude Include="D:\Learn CCcode\CC_code\qCC\ui_colorGradientDlg.h">
      <Filter>Header Files</Filter>
    </ClInclude>
    <ClInclude Include="D:\Learn CCcode\CC_code\qCC\ui_colorLevelsDlg.h">
      <Filter>Header Files</Filter>
    </ClInclude>
    <ClInclude Include="D:\Learn CCcode\CC_code\qCC\ui_colorScaleEditorDlg.h">
      <Filter>Header Files</Filter>
    </ClInclude>
    <ClInclude Include="D:\Learn CCcode\CC_code\qCC\ui_commandLineDlg.h">
      <Filter>Header Files</Filter>
    </ClInclude>
    <ClInclude Include="D:\Learn CCcode\CC_code\qCC\ui_comparisonDlg.h">
      <Filter>Header Files</Filter>
    </ClInclude>
    <ClInclude Include="D:\Learn CCcode\CC_code\qCC\ui_computeOctreeDlg.h">
      <Filter>Header Files</Filter>
    </ClInclude>
    <ClInclude Include="D:\Learn CCcode\CC_code\qCC\ui_contourExtractorDlg.h">
      <Filter>Header Files</Filter>
    </ClInclude>
    <ClInclude Include="D:\Learn CCcode\CC_code\qCC\ui_curvatureDlg.h">
      <Filter>Header Files</Filter>
    </ClInclude>
    <ClInclude Include="D:\Learn CCcode\CC_code\qCC\ui_densityDlg.h">
      <Filter>Header Files</Filter>
    </ClInclude>
    <ClInclude Include="D:\Learn CCcode\CC_code\qCC\ui_dipDirTransformationDlg.h">
      <Filter>Header Files</Filter>
    </ClInclude>
    <ClInclude Include="D:\Learn CCcode\CC_code\qCC\ui_displayOptionsDlg.h">
      <Filter>Header Files</Filter>
    </ClInclude>
    <ClInclude Include="D:\Learn CCcode\CC_code\qCC\ui_distanceMapDlg.h">
      <Filter>Header Files</Filter>
    </ClInclude>
    <ClInclude Include="D:\Learn CCcode\CC_code\qCC\ui_exportCoordToSFDlg.h">
      <Filter>Header Files</Filter>
    </ClInclude>
    <ClInclude Include="D:\Learn CCcode\CC_code\qCC\ui_filterByValueDlg.h">
      <Filter>Header Files</Filter>
    </ClInclude>
    <ClInclude Include="D:\Learn CCcode\CC_code\qCC\ui_gblSensorProjectDlg.h">
      <Filter>Header Files</Filter>
    </ClInclude>
    <ClInclude Include="D:\Learn CCcode\CC_code\qCC\ui_globalShiftSettingsDlg.h">
      <Filter>Header Files</Filter>
    </ClInclude>
    <ClInclude Include="D:\Learn CCcode\CC_code\qCC\ui_graphicalSegmentationDlg.h">
      <Filter>Header Files</Filter>
    </ClInclude>
    <ClInclude Include="D:\Learn CCcode\CC_code\qCC\ui_graphicalTransformationDlg.h">
      <Filter>Header Files</Filter>
    </ClInclude>
    <ClInclude Include="D:\Learn CCcode\CC_code\qCC\ui_heightGridGenerationDlg.h">
      <Filter>Header Files</Filter>
    </ClInclude>
    <ClInclude Include="D:\Learn CCcode\CC_code\qCC\ui_histogramDlg.h">
      <Filter>Header Files</Filter>
    </ClInclude>
    <ClInclude Include="D:\Learn CCcode\CC_code\qCC\ui_interpolationDlg.h">
      <Filter>Header Files</Filter>
    </ClInclude>
    <ClInclude Include="D:\Learn CCcode\CC_code\qCC\ui_itemSelectionDlg.h">
      <Filter>Header Files</Filter>
    </ClInclude>
    <ClInclude Include="D:\Learn CCcode\CC_code\qCC\ui_labelingDlg.h">
      <Filter>Header Files</Filter>
    </ClInclude>
    <ClInclude Include="D:\Learn CCcode\CC_code\qCC\ui_mainWindow.h">
      <Filter>Header Files</Filter>
    </ClInclude>
    <ClInclude Include="D:\Learn CCcode\CC_code\qCC\ui_matchScalesDlg.h">
      <Filter>Header Files</Filter>
    </ClInclude>
    <ClInclude Include="D:\Learn CCcode\CC_code\qCC\ui_matrixDisplayDlg.h">
      <Filter>Header Files</Filter>
    </ClInclude>
    <ClInclude Include="D:\Learn CCcode\CC_code\qCC\ui_noiseFilterDlg.h">
      <Filter>Header Files</Filter>
    </ClInclude>
    <ClInclude Include="D:\Learn CCcode\CC_code\qCC\ui_normalComputationDlg.h">
      <Filter>Header Files</Filter>
    </ClInclude>
    <ClInclude Include="D:\Learn CCcode\CC_code\qCC\ui_orthoSectionGenerationDlg.h">
      <Filter>Header Files</Filter>
    </ClInclude>
    <ClInclude Include="D:\Learn CCcode\CC_code\qCC\ui_pickOneElementDlg.h">
      <Filter>Header Files</Filter>
    </ClInclude>
    <ClInclude Include="D:\Learn CCcode\CC_code\qCC\ui_planeEditDlg.h">
      <Filter>Header Files</Filter>
    </ClInclude>
    <ClInclude Include="D:\Learn CCcode\CC_code\qCC\ui_pointListPickingDlg.h">
      <Filter>Header Files</Filter>
    </ClInclude>
    <ClInclude Include="D:\Learn CCcode\CC_code\qCC\ui_pointPairRegistrationDlg.h">
      <Filter>Header Files</Filter>
    </ClInclude>
    <ClInclude Include="D:\Learn CCcode\CC_code\qCC\ui_pointPropertiesDlg.h">
      <Filter>Header Files</Filter>
    </ClInclude>
    <ClInclude Include="D:\Learn CCcode\CC_code\qCC\ui_primitiveFactoryDlg.h">
      <Filter>Header Files</Filter>
    </ClInclude>
    <ClInclude Include="D:\Learn CCcode\CC_code\qCC\ui_ptsSamplingDlg.h">
      <Filter>Header Files</Filter>
    </ClInclude>
    <ClInclude Include="D:\Learn CCcode\CC_code\qCC\ui_rasterExportOptionsDlg.h">
      <Filter>Header Files</Filter>
    </ClInclude>
    <ClInclude Include="D:\Learn CCcode\CC_code\qCC\ui_rasterizeDlg.h">
      <Filter>Header Files</Filter>
    </ClInclude>
    <ClInclude Include="D:\Learn CCcode\CC_code\qCC\ui_registrationDlg.h">
      <Filter>Header Files</Filter>
    </ClInclude>
    <ClInclude Include="D:\Learn CCcode\CC_code\qCC\ui_renderToFileDialog.h">
      <Filter>Header Files</Filter>
    </ClInclude>
    <ClInclude Include="D:\Learn CCcode\CC_code\qCC\ui_roleChoiceDlg.h">
      <Filter>Header Files</Filter>
    </ClInclude>
    <ClInclude Include="D:\Learn CCcode\CC_code\qCC\ui_scalarFieldFromColorDlg.h">
      <Filter>Header Files</Filter>
    </ClInclude>
    <ClInclude Include="D:\Learn CCcode\CC_code\qCC\ui_scaleDlg.h">
      <Filter>Header Files</Filter>
    </ClInclude>
    <ClInclude Include="D:\Learn CCcode\CC_code\qCC\ui_sectionExtractionDlg.h">
      <Filter>Header Files</Filter>
    </ClInclude>
    <ClInclude Include="D:\Learn CCcode\CC_code\qCC\ui_sectionExtractionSubDlg.h">
      <Filter>Header Files</Filter>
    </ClInclude>
    <ClInclude Include="D:\Learn CCcode\CC_code\qCC\ui_selectChildrenDlg.h">
      <Filter>Header Files</Filter>
    </ClInclude>
    <ClInclude Include="D:\Learn CCcode\CC_code\qCC\ui_sensorComputeDistancesDlg.h">
      <Filter>Header Files</Filter>
    </ClInclude>
    <ClInclude Include="D:\Learn CCcode\CC_code\qCC\ui_sensorComputeScatteringAnglesDlg.h">
      <Filter>Header Files</Filter>
    </ClInclude>
    <ClInclude Include="D:\Learn CCcode\CC_code\qCC\ui_sfArithmeticsDlg.h">
      <Filter>Header Files</Filter>
    </ClInclude>
    <ClInclude Include="D:\Learn CCcode\CC_code\qCC\ui_sfEditDlg.h">
      <Filter>Header Files</Filter>
    </ClInclude>
    <ClInclude Include="D:\Learn CCcode\CC_code\qCC\ui_sorFilterDlg.h">
      <Filter>Header Files</Filter>
    </ClInclude>
    <ClInclude Include="D:\Learn CCcode\CC_code\qCC\ui_statisticalTestDlg.h">
      <Filter>Header Files</Filter>
    </ClInclude>
    <ClInclude Include="D:\Learn CCcode\CC_code\qCC\ui_stereoModeDlg.h">
      <Filter>Header Files</Filter>
    </ClInclude>
    <ClInclude Include="D:\Learn CCcode\CC_code\qCC\ui_subsamplingDlg.h">
      <Filter>Header Files</Filter>
    </ClInclude>
    <ClInclude Include="D:\Learn CCcode\CC_code\qCC\ui_tracePolylineDlg.h">
      <Filter>Header Files</Filter>
    </ClInclude>
    <ClInclude Include="D:\Learn CCcode\CC_code\qCC\ui_unrollDlg.h">
      <Filter>Header Files</Filter>
    </ClInclude>
    <ClInclude Include="D:\Learn CCcode\CC_code\qCC\ui_volumeCalcDlg.h">
      <Filter>Header Files</Filter>
    </ClInclude>
    <ClInclude Include="D:\Learn CCcode\CC_code\qCC\ui_waveDlg.h">
      <Filter>Header Files</Filter>
    </ClInclude>
  </ItemGroup>
  <ItemGroup>
    <CustomBuild Include="D:\Learn CCcode\CloudCompare-master\qCC\CMakeLists.txt" />
    <CustomBuild Include="D:\Learn CCcode\CloudCompare-master\qCC\icones.qrc" />
    <CustomBuild Include="D:\Learn CCcode\CloudCompare-master\qCC\ui_templates\aboutDlg.ui">
      <Filter>Form Files</Filter>
    </CustomBuild>
    <CustomBuild Include="D:\Learn CCcode\CloudCompare-master\qCC\ui_templates\adjustZoomDlg.ui">
      <Filter>Form Files</Filter>
    </CustomBuild>
    <CustomBuild Include="D:\Learn CCcode\CloudCompare-master\qCC\ui_templates\alignDlg.ui">
      <Filter>Form Files</Filter>
    </CustomBuild>
    <CustomBuild Include="D:\Learn CCcode\CloudCompare-master\qCC\ui_templates\applyTransformationDlg.ui">
      <Filter>Form Files</Filter>
    </CustomBuild>
    <CustomBuild Include="D:\Learn CCcode\CloudCompare-master\qCC\ui_templates\askOneDoubleValueDlg.ui">
      <Filter>Form Files</Filter>
    </CustomBuild>
    <CustomBuild Include="D:\Learn CCcode\CloudCompare-master\qCC\ui_templates\askOneIntValueDlg.ui">
      <Filter>Form Files</Filter>
    </CustomBuild>
    <CustomBuild Include="D:\Learn CCcode\CloudCompare-master\qCC\ui_templates\askOneStringDlg.ui">
      <Filter>Form Files</Filter>
    </CustomBuild>
    <CustomBuild Include="D:\Learn CCcode\CloudCompare-master\qCC\ui_templates\askThreeDoubleValuesDlg.ui">
      <Filter>Form Files</Filter>
    </CustomBuild>
    <CustomBuild Include="D:\Learn CCcode\CloudCompare-master\qCC\ui_templates\askTwoDoubleValuesDlg.ui">
      <Filter>Form Files</Filter>
    </CustomBuild>
    <CustomBuild Include="D:\Learn CCcode\CloudCompare-master\qCC\ui_templates\boundingBoxEditorDlg.ui">
      <Filter>Form Files</Filter>
    </CustomBuild>
    <CustomBuild Include="D:\Learn CCcode\CloudCompare-master\qCC\ui_templates\cameraParamDlg.ui">
      <Filter>Form Files</Filter>
    </CustomBuild>
    <CustomBuild Include="D:\Learn CCcode\CloudCompare-master\qCC\ui_templates\camSensorProjectDlg.ui">
      <Filter>Form Files</Filter>
    </CustomBuild>
    <CustomBuild Include="D:\Learn CCcode\CloudCompare-master\qCC\ui_templates\clippingBoxDlg.ui">
      <Filter>Form Files</Filter>
    </CustomBuild>
    <CustomBuild Include="D:\Learn CCcode\CloudCompare-master\qCC\ui_templates\clippingBoxRepeatDlg.ui">
      <Filter>Form Files</Filter>
    </CustomBuild>
    <CustomBuild Include="D:\Learn CCcode\CloudCompare-master\qCC\ui_templates\colorGradientDlg.ui">
      <Filter>Form Files</Filter>
    </CustomBuild>
    <CustomBuild Include="D:\Learn CCcode\CloudCompare-master\qCC\ui_templates\colorLevelsDlg.ui">
      <Filter>Form Files</Filter>
    </CustomBuild>
    <CustomBuild Include="D:\Learn CCcode\CloudCompare-master\qCC\ui_templates\colorScaleEditorDlg.ui">
      <Filter>Form Files</Filter>
    </CustomBuild>
    <CustomBuild Include="D:\Learn CCcode\CloudCompare-master\qCC\ui_templates\commandLineDlg.ui">
      <Filter>Form Files</Filter>
    </CustomBuild>
    <CustomBuild Include="D:\Learn CCcode\CloudCompare-master\qCC\ui_templates\comparisonDlg.ui">
      <Filter>Form Files</Filter>
    </CustomBuild>
    <CustomBuild Include="D:\Learn CCcode\CloudCompare-master\qCC\ui_templates\computeOctreeDlg.ui">
      <Filter>Form Files</Filter>
    </CustomBuild>
    <CustomBuild Include="D:\Learn CCcode\CloudCompare-master\qCC\ui_templates\contourExtractorDlg.ui">
      <Filter>Form Files</Filter>
    </CustomBuild>
    <CustomBuild Include="D:\Learn CCcode\CloudCompare-master\qCC\ui_templates\curvatureDlg.ui">
      <Filter>Form Files</Filter>
    </CustomBuild>
    <CustomBuild Include="D:\Learn CCcode\CloudCompare-master\qCC\ui_templates\densityDlg.ui">
      <Filter>Form Files</Filter>
    </CustomBuild>
    <CustomBuild Include="D:\Learn CCcode\CloudCompare-master\qCC\ui_templates\dipDirTransformationDlg.ui">
      <Filter>Form Files</Filter>
    </CustomBuild>
    <CustomBuild Include="D:\Learn CCcode\CloudCompare-master\qCC\ui_templates\displayOptionsDlg.ui">
      <Filter>Form Files</Filter>
    </CustomBuild>
    <CustomBuild Include="D:\Learn CCcode\CloudCompare-master\qCC\ui_templates\distanceMapDlg.ui">
      <Filter>Form Files</Filter>
    </CustomBuild>
    <CustomBuild Include="D:\Learn CCcode\CloudCompare-master\qCC\ui_templates\exportCoordToSFDlg.ui">
      <Filter>Form Files</Filter>
    </CustomBuild>
    <CustomBuild Include="D:\Learn CCcode\CloudCompare-master\qCC\ui_templates\filterByValueDlg.ui">
      <Filter>Form Files</Filter>
    </CustomBuild>
    <CustomBuild Include="D:\Learn CCcode\CloudCompare-master\qCC\ui_templates\gblSensorProjectDlg.ui">
      <Filter>Form Files</Filter>
    </CustomBuild>
    <CustomBuild Include="D:\Learn CCcode\CloudCompare-master\qCC\ui_templates\globalShiftSettingsDlg.ui">
      <Filter>Form Files</Filter>
    </CustomBuild>
    <CustomBuild Include="D:\Learn CCcode\CloudCompare-master\qCC\ui_templates\graphicalSegmentationDlg.ui">
      <Filter>Form Files</Filter>
    </CustomBuild>
    <CustomBuild Include="D:\Learn CCcode\CloudCompare-master\qCC\ui_templates\graphicalTransformationDlg.ui">
      <Filter>Form Files</Filter>
    </CustomBuild>
    <CustomBuild Include="D:\Learn CCcode\CloudCompare-master\qCC\ui_templates\heightGridGenerationDlg.ui">
      <Filter>Form Files</Filter>
    </CustomBuild>
    <CustomBuild Include="D:\Learn CCcode\CloudCompare-master\qCC\ui_templates\histogramDlg.ui">
      <Filter>Form Files</Filter>
    </CustomBuild>
    <CustomBuild Include="D:\Learn CCcode\CloudCompare-master\qCC\ui_templates\interpolationDlg.ui">
      <Filter>Form Files</Filter>
    </CustomBuild>
    <CustomBuild Include="D:\Learn CCcode\CloudCompare-master\qCC\ui_templates\itemSelectionDlg.ui">
      <Filter>Form Files</Filter>
    </CustomBuild>
    <CustomBuild Include="D:\Learn CCcode\CloudCompare-master\qCC\ui_templates\labelingDlg.ui">
      <Filter>Form Files</Filter>
    </CustomBuild>
    <CustomBuild Include="D:\Learn CCcode\CloudCompare-master\qCC\ui_templates\mainWindow.ui">
      <Filter>Form Files</Filter>
    </CustomBuild>
    <CustomBuild Include="D:\Learn CCcode\CloudCompare-master\qCC\ui_templates\matchScalesDlg.ui">
      <Filter>Form Files</Filter>
    </CustomBuild>
    <CustomBuild Include="D:\Learn CCcode\CloudCompare-master\qCC\ui_templates\matrixDisplayDlg.ui">
      <Filter>Form Files</Filter>
    </CustomBuild>
    <CustomBuild Include="D:\Learn CCcode\CloudCompare-master\qCC\ui_templates\noiseFilterDlg.ui">
      <Filter>Form Files</Filter>
    </CustomBuild>
    <CustomBuild Include="D:\Learn CCcode\CloudCompare-master\qCC\ui_templates\normalComputationDlg.ui">
      <Filter>Form Files</Filter>
    </CustomBuild>
    <CustomBuild Include="D:\Learn CCcode\CloudCompare-master\qCC\ui_templates\orthoSectionGenerationDlg.ui">
      <Filter>Form Files</Filter>
    </CustomBuild>
    <CustomBuild Include="D:\Learn CCcode\CloudCompare-master\qCC\ui_templates\pickOneElementDlg.ui">
      <Filter>Form Files</Filter>
    </CustomBuild>
    <CustomBuild Include="D:\Learn CCcode\CloudCompare-master\qCC\ui_templates\planeEditDlg.ui">
      <Filter>Form Files</Filter>
    </CustomBuild>
    <CustomBuild Include="D:\Learn CCcode\CloudCompare-master\qCC\ui_templates\pointListPickingDlg.ui">
      <Filter>Form Files</Filter>
    </CustomBuild>
    <CustomBuild Include="D:\Learn CCcode\CloudCompare-master\qCC\ui_templates\pointPairRegistrationDlg.ui">
      <Filter>Form Files</Filter>
    </CustomBuild>
    <CustomBuild Include="D:\Learn CCcode\CloudCompare-master\qCC\ui_templates\pointPropertiesDlg.ui">
      <Filter>Form Files</Filter>
    </CustomBuild>
    <CustomBuild Include="D:\Learn CCcode\CloudCompare-master\qCC\ui_templates\primitiveFactoryDlg.ui">
      <Filter>Form Files</Filter>
    </CustomBuild>
    <CustomBuild Include="D:\Learn CCcode\CloudCompare-master\qCC\ui_templates\ptsSamplingDlg.ui">
      <Filter>Form Files</Filter>
    </CustomBuild>
    <CustomBuild Include="D:\Learn CCcode\CloudCompare-master\qCC\ui_templates\rasterExportOptionsDlg.ui">
      <Filter>Form Files</Filter>
    </CustomBuild>
    <CustomBuild Include="D:\Learn CCcode\CloudCompare-master\qCC\ui_templates\rasterizeDlg.ui">
      <Filter>Form Files</Filter>
    </CustomBuild>
    <CustomBuild Include="D:\Learn CCcode\CloudCompare-master\qCC\ui_templates\registrationDlg.ui">
      <Filter>Form Files</Filter>
    </CustomBuild>
    <CustomBuild Include="D:\Learn CCcode\CloudCompare-master\qCC\ui_templates\renderToFileDialog.ui">
      <Filter>Form Files</Filter>
    </CustomBuild>
    <CustomBuild Include="D:\Learn CCcode\CloudCompare-master\qCC\ui_templates\roleChoiceDlg.ui">
      <Filter>Form Files</Filter>
    </CustomBuild>
    <CustomBuild Include="D:\Learn CCcode\CloudCompare-master\qCC\ui_templates\scalarFieldFromColorDlg.ui">
      <Filter>Form Files</Filter>
    </CustomBuild>
    <CustomBuild Include="D:\Learn CCcode\CloudCompare-master\qCC\ui_templates\scaleDlg.ui">
      <Filter>Form Files</Filter>
    </CustomBuild>
    <CustomBuild Include="D:\Learn CCcode\CloudCompare-master\qCC\ui_templates\sectionExtractionDlg.ui">
      <Filter>Form Files</Filter>
    </CustomBuild>
    <CustomBuild Include="D:\Learn CCcode\CloudCompare-master\qCC\ui_templates\sectionExtractionSubDlg.ui">
      <Filter>Form Files</Filter>
    </CustomBuild>
    <CustomBuild Include="D:\Learn CCcode\CloudCompare-master\qCC\ui_templates\selectChildrenDlg.ui">
      <Filter>Form Files</Filter>
    </CustomBuild>
    <CustomBuild Include="D:\Learn CCcode\CloudCompare-master\qCC\ui_templates\sensorComputeDistancesDlg.ui">
      <Filter>Form Files</Filter>
    </CustomBuild>
    <CustomBuild Include="D:\Learn CCcode\CloudCompare-master\qCC\ui_templates\sensorComputeScatteringAnglesDlg.ui">
      <Filter>Form Files</Filter>
    </CustomBuild>
    <CustomBuild Include="D:\Learn CCcode\CloudCompare-master\qCC\ui_templates\sfArithmeticsDlg.ui">
      <Filter>Form Files</Filter>
    </CustomBuild>
    <CustomBuild Include="D:\Learn CCcode\CloudCompare-master\qCC\ui_templates\sfEditDlg.ui">
      <Filter>Form Files</Filter>
    </CustomBuild>
    <CustomBuild Include="D:\Learn CCcode\CloudCompare-master\qCC\ui_templates\sorFilterDlg.ui">
      <Filter>Form Files</Filter>
    </CustomBuild>
    <CustomBuild Include="D:\Learn CCcode\CloudCompare-master\qCC\ui_templates\statisticalTestDlg.ui">
      <Filter>Form Files</Filter>
    </CustomBuild>
    <CustomBuild Include="D:\Learn CCcode\CloudCompare-master\qCC\ui_templates\stereoModeDlg.ui">
      <Filter>Form Files</Filter>
    </CustomBuild>
    <CustomBuild Include="D:\Learn CCcode\CloudCompare-master\qCC\ui_templates\subsamplingDlg.ui">
      <Filter>Form Files</Filter>
    </CustomBuild>
    <CustomBuild Include="D:\Learn CCcode\CloudCompare-master\qCC\ui_templates\tracePolylineDlg.ui">
      <Filter>Form Files</Filter>
    </CustomBuild>
    <CustomBuild Include="D:\Learn CCcode\CloudCompare-master\qCC\ui_templates\unrollDlg.ui">
      <Filter>Form Files</Filter>
    </CustomBuild>
    <CustomBuild Include="D:\Learn CCcode\CloudCompare-master\qCC\ui_templates\volumeCalcDlg.ui">
      <Filter>Form Files</Filter>
    </CustomBuild>
    <CustomBuild Include="D:\Learn CCcode\CloudCompare-master\qCC\ui_templates\waveDlg.ui">
      <Filter>Form Files</Filter>
    </CustomBuild>
  </ItemGroup>
  <ItemGroup>
    <None Include="D:\Learn CCcode\CloudCompare-master\qCC\TODO.txt" />
    <None Include="D:\Learn CCcode\CloudCompare-master\CHANGELOG.md" />
  </ItemGroup>
  <ItemGroup>
    <ResourceCompile Include="D:\Learn CCcode\CloudCompare-master\qCC\images\icon\cc_icon.rc">
      <Filter>Source Files</Filter>
    </ResourceCompile>
  </ItemGroup>
  <ItemGroup>
    <Filter Include="Source Files">
      <UniqueIdentifier>{A43CA4F2-7B23-4E86-8CCE-D6555C7ED6EC}</UniqueIdentifier>
    </Filter>
    <Filter Include="Header Files">
      <UniqueIdentifier>{CEB58F8D-5430-4799-AE61-AFF48D74C920}</UniqueIdentifier>
    </Filter>
    <Filter Include="Form Files">
      <UniqueIdentifier>{18e1c979-4e21-4189-aef2-133265febce3}</UniqueIdentifier>
    </Filter>
  </ItemGroup>
</Project>