Microsoft Visual Studio Solution File, Format Version 12.00
# Visual Studio 14
Project("{8BC9CEB8-8B4A-11D0-8D11-00A0C91BC942}") = "ALL_BUILD", "ALL_BUILD.vcxproj", "{347B38E1-0427-4E24-B950-8589311B8912}"
	ProjectSection(ProjectDependencies) = postProject
		{C1D3C2C3-CA08-4860-AA4E-7A1E1AD10360} = {C1D3C2C3-CA08-4860-AA4E-7A1E1AD10360}
	EndProjectSection
EndProject
Project("{8BC9CEB8-8B4A-11D0-8D11-00A0C91BC942}") = "CC_CORE_LIB", "..\CC\CC_CORE_LIB.vcxproj", "{EED54A4B-4821-48C0-B47F-F3F4EA55A23D}"
	ProjectSection(ProjectDependencies) = postProject
		{E949BB15-1480-416F-B207-5CB2D99661C2} = {E949BB15-1480-416F-B207-5CB2D99661C2}
	EndProjectSection
EndProject
Project("{8BC9CEB8-8B4A-11D0-8D11-00A0C91BC942}") = "CC_FBO_LIB", "..\libs\CCFbo\CC_FBO_LIB.vcxproj", "{A3C27852-E67E-485A-8F2B-E406E7FFF81E}"
	ProjectSection(ProjectDependencies) = postProject
		{E949BB15-1480-416F-B207-5CB2D99661C2} = {E949BB15-1480-416F-B207-5CB2D99661C2}
	EndProjectSection
EndProject
Project("{8BC9CEB8-8B4A-11D0-8D11-00A0C91BC942}") = "INSTALL", "INSTALL.vcxproj", "{129E628F-53A8-47C2-B630-18001F63D423}"
	ProjectSection(ProjectDependencies) = postProject
		{347B38E1-0427-4E24-B950-8589311B8912} = {347B38E1-0427-4E24-B950-8589311B8912}
	EndProjectSection
EndProject
Project("{8BC9CEB8-8B4A-11D0-8D11-00A0C91BC942}") = "QCC_DB_LIB", "..\libs\qCC_db\QCC_DB_LIB.vcxproj", "{10FAF5B7-6959-40AC-AB44-EEFF9A3AA94E}"
	ProjectSection(ProjectDependencies) = postProject
		{EED54A4B-4821-48C0-B47F-F3F4EA55A23D} = {EED54A4B-4821-48C0-B47F-F3F4EA55A23D}
		{A3C27852-E67E-485A-8F2B-E406E7FFF81E} = {A3C27852-E67E-485A-8F2B-E406E7FFF81E}
		{E949BB15-1480-416F-B207-5CB2D99661C2} = {E949BB15-1480-416F-B207-5CB2D99661C2}
	EndProjectSection
EndProject
Project("{8BC9CEB8-8B4A-11D0-8D11-00A0C91BC942}") = "QCC_GL_LIB", "..\libs\qCC_glWindow\QCC_GL_LIB.vcxproj", "{F96B79AA-2BF5-42E1-A783-598BEEE05F5A}"
	ProjectSection(ProjectDependencies) = postProject
		{EED54A4B-4821-48C0-B47F-F3F4EA55A23D} = {EED54A4B-4821-48C0-B47F-F3F4EA55A23D}
		{A3C27852-E67E-485A-8F2B-E406E7FFF81E} = {A3C27852-E67E-485A-8F2B-E406E7FFF81E}
		{10FAF5B7-6959-40AC-AB44-EEFF9A3AA94E} = {10FAF5B7-6959-40AC-AB44-EEFF9A3AA94E}
		{E949BB15-1480-416F-B207-5CB2D99661C2} = {E949BB15-1480-416F-B207-5CB2D99661C2}
	EndProjectSection
EndProject
Project("{8BC9CEB8-8B4A-11D0-8D11-00A0C91BC942}") = "QCC_IO_LIB", "..\libs\qCC_io\QCC_IO_LIB.vcxproj", "{434A5B21-52C4-47BE-AE82-4E2C4ACC2103}"
	ProjectSection(ProjectDependencies) = postProject
		{EED54A4B-4821-48C0-B47F-F3F4EA55A23D} = {EED54A4B-4821-48C0-B47F-F3F4EA55A23D}
		{A3C27852-E67E-485A-8F2B-E406E7FFF81E} = {A3C27852-E67E-485A-8F2B-E406E7FFF81E}
		{10FAF5B7-6959-40AC-AB44-EEFF9A3AA94E} = {10FAF5B7-6959-40AC-AB44-EEFF9A3AA94E}
		{E949BB15-1480-416F-B207-5CB2D99661C2} = {E949BB15-1480-416F-B207-5CB2D99661C2}
	EndProjectSection
EndProject
Project("{8BC9CEB8-8B4A-11D0-8D11-00A0C91BC942}") = "QDUMMY_PLUGIN", "qDummyPlugin\QDUMMY_PLUGIN.vcxproj", "{C1D3C2C3-CA08-4860-AA4E-7A1E1AD10360}"
	ProjectSection(ProjectDependencies) = postProject
		{EED54A4B-4821-48C0-B47F-F3F4EA55A23D} = {EED54A4B-4821-48C0-B47F-F3F4EA55A23D}
		{A3C27852-E67E-485A-8F2B-E406E7FFF81E} = {A3C27852-E67E-485A-8F2B-E406E7FFF81E}
		{10FAF5B7-6959-40AC-AB44-EEFF9A3AA94E} = {10FAF5B7-6959-40AC-AB44-EEFF9A3AA94E}
		{F96B79AA-2BF5-42E1-A783-598BEEE05F5A} = {F96B79AA-2BF5-42E1-A783-598BEEE05F5A}
		{434A5B21-52C4-47BE-AE82-4E2C4ACC2103} = {434A5B21-52C4-47BE-AE82-4E2C4ACC2103}
		{E949BB15-1480-416F-B207-5CB2D99661C2} = {E949BB15-1480-416F-B207-5CB2D99661C2}
	EndProjectSection
EndProject
Project("{8BC9CEB8-8B4A-11D0-8D11-00A0C91BC942}") = "ZERO_CHECK", "..\\ZERO_CHECK.vcxproj", "{E949BB15-1480-416F-B207-5CB2D99661C2}"
	ProjectSection(ProjectDependencies) = postProject
	EndProjectSection
EndProject
Global
	GlobalSection(SolutionConfigurationPlatforms) = preSolution
		Debug|Win32 = Debug|Win32
		Release|Win32 = Release|Win32
		MinSizeRel|Win32 = MinSizeRel|Win32
		RelWithDebInfo|Win32 = RelWithDebInfo|Win32
	EndGlobalSection
	GlobalSection(ProjectConfigurationPlatforms) = postSolution
		{347B38E1-0427-4E24-B950-8589311B8912}.Debug|Win32.ActiveCfg = Debug|Win32
		{347B38E1-0427-4E24-B950-8589311B8912}.Debug|Win32.Build.0 = Debug|Win32
		{347B38E1-0427-4E24-B950-8589311B8912}.Release|Win32.ActiveCfg = Release|Win32
		{347B38E1-0427-4E24-B950-8589311B8912}.Release|Win32.Build.0 = Release|Win32
		{347B38E1-0427-4E24-B950-8589311B8912}.MinSizeRel|Win32.ActiveCfg = MinSizeRel|Win32
		{347B38E1-0427-4E24-B950-8589311B8912}.MinSizeRel|Win32.Build.0 = MinSizeRel|Win32
		{347B38E1-0427-4E24-B950-8589311B8912}.RelWithDebInfo|Win32.ActiveCfg = RelWithDebInfo|Win32
		{347B38E1-0427-4E24-B950-8589311B8912}.RelWithDebInfo|Win32.Build.0 = RelWithDebInfo|Win32
		{EED54A4B-4821-48C0-B47F-F3F4EA55A23D}.Debug|Win32.ActiveCfg = Debug|Win32
		{EED54A4B-4821-48C0-B47F-F3F4EA55A23D}.Debug|Win32.Build.0 = Debug|Win32
		{EED54A4B-4821-48C0-B47F-F3F4EA55A23D}.Release|Win32.ActiveCfg = Release|Win32
		{EED54A4B-4821-48C0-B47F-F3F4EA55A23D}.Release|Win32.Build.0 = Release|Win32
		{EED54A4B-4821-48C0-B47F-F3F4EA55A23D}.MinSizeRel|Win32.ActiveCfg = MinSizeRel|Win32
		{EED54A4B-4821-48C0-B47F-F3F4EA55A23D}.MinSizeRel|Win32.Build.0 = MinSizeRel|Win32
		{EED54A4B-4821-48C0-B47F-F3F4EA55A23D}.RelWithDebInfo|Win32.ActiveCfg = RelWithDebInfo|Win32
		{EED54A4B-4821-48C0-B47F-F3F4EA55A23D}.RelWithDebInfo|Win32.Build.0 = RelWithDebInfo|Win32
		{A3C27852-E67E-485A-8F2B-E406E7FFF81E}.Debug|Win32.ActiveCfg = Debug|Win32
		{A3C27852-E67E-485A-8F2B-E406E7FFF81E}.Debug|Win32.Build.0 = Debug|Win32
		{A3C27852-E67E-485A-8F2B-E406E7FFF81E}.Release|Win32.ActiveCfg = Release|Win32
		{A3C27852-E67E-485A-8F2B-E406E7FFF81E}.Release|Win32.Build.0 = Release|Win32
		{A3C27852-E67E-485A-8F2B-E406E7FFF81E}.MinSizeRel|Win32.ActiveCfg = MinSizeRel|Win32
		{A3C27852-E67E-485A-8F2B-E406E7FFF81E}.MinSizeRel|Win32.Build.0 = MinSizeRel|Win32
		{A3C27852-E67E-485A-8F2B-E406E7FFF81E}.RelWithDebInfo|Win32.ActiveCfg = RelWithDebInfo|Win32
		{A3C27852-E67E-485A-8F2B-E406E7FFF81E}.RelWithDebInfo|Win32.Build.0 = RelWithDebInfo|Win32
		{129E628F-53A8-47C2-B630-18001F63D423}.Debug|Win32.ActiveCfg = Debug|Win32
		{129E628F-53A8-47C2-B630-18001F63D423}.Release|Win32.ActiveCfg = Release|Win32
		{129E628F-53A8-47C2-B630-18001F63D423}.MinSizeRel|Win32.ActiveCfg = MinSizeRel|Win32
		{129E628F-53A8-47C2-B630-18001F63D423}.RelWithDebInfo|Win32.ActiveCfg = RelWithDebInfo|Win32
		{10FAF5B7-6959-40AC-AB44-EEFF9A3AA94E}.Debug|Win32.ActiveCfg = Debug|Win32
		{10FAF5B7-6959-40AC-AB44-EEFF9A3AA94E}.Debug|Win32.Build.0 = Debug|Win32
		{10FAF5B7-6959-40AC-AB44-EEFF9A3AA94E}.Release|Win32.ActiveCfg = Release|Win32
		{10FAF5B7-6959-40AC-AB44-EEFF9A3AA94E}.Release|Win32.Build.0 = Release|Win32
		{10FAF5B7-6959-40AC-AB44-EEFF9A3AA94E}.MinSizeRel|Win32.ActiveCfg = MinSizeRel|Win32
		{10FAF5B7-6959-40AC-AB44-EEFF9A3AA94E}.MinSizeRel|Win32.Build.0 = MinSizeRel|Win32
		{10FAF5B7-6959-40AC-AB44-EEFF9A3AA94E}.RelWithDebInfo|Win32.ActiveCfg = RelWithDebInfo|Win32
		{10FAF5B7-6959-40AC-AB44-EEFF9A3AA94E}.RelWithDebInfo|Win32.Build.0 = RelWithDebInfo|Win32
		{F96B79AA-2BF5-42E1-A783-598BEEE05F5A}.Debug|Win32.ActiveCfg = Debug|Win32
		{F96B79AA-2BF5-42E1-A783-598BEEE05F5A}.Debug|Win32.Build.0 = Debug|Win32
		{F96B79AA-2BF5-42E1-A783-598BEEE05F5A}.Release|Win32.ActiveCfg = Release|Win32
		{F96B79AA-2BF5-42E1-A783-598BEEE05F5A}.Release|Win32.Build.0 = Release|Win32
		{F96B79AA-2BF5-42E1-A783-598BEEE05F5A}.MinSizeRel|Win32.ActiveCfg = MinSizeRel|Win32
		{F96B79AA-2BF5-42E1-A783-598BEEE05F5A}.MinSizeRel|Win32.Build.0 = MinSizeRel|Win32
		{F96B79AA-2BF5-42E1-A783-598BEEE05F5A}.RelWithDebInfo|Win32.ActiveCfg = RelWithDebInfo|Win32
		{F96B79AA-2BF5-42E1-A783-598BEEE05F5A}.RelWithDebInfo|Win32.Build.0 = RelWithDebInfo|Win32
		{434A5B21-52C4-47BE-AE82-4E2C4ACC2103}.Debug|Win32.ActiveCfg = Debug|Win32
		{434A5B21-52C4-47BE-AE82-4E2C4ACC2103}.Debug|Win32.Build.0 = Debug|Win32
		{434A5B21-52C4-47BE-AE82-4E2C4ACC2103}.Release|Win32.ActiveCfg = Release|Win32
		{434A5B21-52C4-47BE-AE82-4E2C4ACC2103}.Release|Win32.Build.0 = Release|Win32
		{434A5B21-52C4-47BE-AE82-4E2C4ACC2103}.MinSizeRel|Win32.ActiveCfg = MinSizeRel|Win32
		{434A5B21-52C4-47BE-AE82-4E2C4ACC2103}.MinSizeRel|Win32.Build.0 = MinSizeRel|Win32
		{434A5B21-52C4-47BE-AE82-4E2C4ACC2103}.RelWithDebInfo|Win32.ActiveCfg = RelWithDebInfo|Win32
		{434A5B21-52C4-47BE-AE82-4E2C4ACC2103}.RelWithDebInfo|Win32.Build.0 = RelWithDebInfo|Win32
		{C1D3C2C3-CA08-4860-AA4E-7A1E1AD10360}.Debug|Win32.ActiveCfg = Debug|Win32
		{C1D3C2C3-CA08-4860-AA4E-7A1E1AD10360}.Debug|Win32.Build.0 = Debug|Win32
		{C1D3C2C3-CA08-4860-AA4E-7A1E1AD10360}.Release|Win32.ActiveCfg = Release|Win32
		{C1D3C2C3-CA08-4860-AA4E-7A1E1AD10360}.Release|Win32.Build.0 = Release|Win32
		{C1D3C2C3-CA08-4860-AA4E-7A1E1AD10360}.MinSizeRel|Win32.ActiveCfg = MinSizeRel|Win32
		{C1D3C2C3-CA08-4860-AA4E-7A1E1AD10360}.MinSizeRel|Win32.Build.0 = MinSizeRel|Win32
		{C1D3C2C3-CA08-4860-AA4E-7A1E1AD10360}.RelWithDebInfo|Win32.ActiveCfg = RelWithDebInfo|Win32
		{C1D3C2C3-CA08-4860-AA4E-7A1E1AD10360}.RelWithDebInfo|Win32.Build.0 = RelWithDebInfo|Win32
		{E949BB15-1480-416F-B207-5CB2D99661C2}.Debug|Win32.ActiveCfg = Debug|Win32
		{E949BB15-1480-416F-B207-5CB2D99661C2}.Debug|Win32.Build.0 = Debug|Win32
		{E949BB15-1480-416F-B207-5CB2D99661C2}.Release|Win32.ActiveCfg = Release|Win32
		{E949BB15-1480-416F-B207-5CB2D99661C2}.Release|Win32.Build.0 = Release|Win32
		{E949BB15-1480-416F-B207-5CB2D99661C2}.MinSizeRel|Win32.ActiveCfg = MinSizeRel|Win32
		{E949BB15-1480-416F-B207-5CB2D99661C2}.MinSizeRel|Win32.Build.0 = MinSizeRel|Win32
		{E949BB15-1480-416F-B207-5CB2D99661C2}.RelWithDebInfo|Win32.ActiveCfg = RelWithDebInfo|Win32
		{E949BB15-1480-416F-B207-5CB2D99661C2}.RelWithDebInfo|Win32.Build.0 = RelWithDebInfo|Win32
	EndGlobalSection
	GlobalSection(ExtensibilityGlobals) = postSolution
	EndGlobalSection
	GlobalSection(ExtensibilityAddIns) = postSolution
	EndGlobalSection
EndGlobal
