<?xml version="1.0" encoding="UTF-8"?>
<Project ToolsVersion="14.0" xmlns="http://schemas.microsoft.com/developer/msbuild/2003">
  <ItemGroup>
    <CustomBuild Include="D:\Learn CCcode\CC_code\CMakeFiles\612d1ac86c084a58576730f5a820fa9a\INSTALL_force.rule">
      <Filter>CMake Rules</Filter>
    </CustomBuild>
  </ItemGroup>
  <ItemGroup>
    <Filter Include="CMake Rules">
      <UniqueIdentifier>{2861A9A2-CCB3-4FAE-84DD-97C2D55E2785}</UniqueIdentifier>
    </Filter>
  </ItemGroup>
</Project>
