<?xml version="1.0" encoding="UTF-8"?>
<Project ToolsVersion="14.0" xmlns="http://schemas.microsoft.com/developer/msbuild/2003">
  <ItemGroup>
    <ClCompile Include="D:\Learn CCcode\CloudCompare-master\CC\src\AutoSegmentationTools.cpp">
      <Filter>Source Files</Filter>
    </ClCompile>
    <ClCompile Include="D:\Learn CCcode\CloudCompare-master\CC\src\CCMiscTools.cpp">
      <Filter>Source Files</Filter>
    </ClCompile>
    <ClCompile Include="D:\Learn CCcode\CloudCompare-master\CC\src\CCShareable.cpp">
      <Filter>Source Files</Filter>
    </ClCompile>
    <ClCompile Include="D:\Learn CCcode\CloudCompare-master\CC\src\ChamferDistanceTransform.cpp">
      <Filter>Source Files</Filter>
    </ClCompile>
    <ClCompile Include="D:\Learn CCcode\CloudCompare-master\CC\src\ChunkedPointCloud.cpp">
      <Filter>Source Files</Filter>
    </ClCompile>
    <ClCompile Include="D:\Learn CCcode\CloudCompare-master\CC\src\CloudSamplingTools.cpp">
      <Filter>Source Files</Filter>
    </ClCompile>
    <ClCompile Include="D:\Learn CCcode\CloudCompare-master\CC\src\Delaunay2dMesh.cpp">
      <Filter>Source Files</Filter>
    </ClCompile>
    <ClCompile Include="D:\Learn CCcode\CloudCompare-master\CC\src\DgmOctree.cpp">
      <Filter>Source Files</Filter>
    </ClCompile>
    <ClCompile Include="D:\Learn CCcode\CloudCompare-master\CC\src\DgmOctreeReferenceCloud.cpp">
      <Filter>Source Files</Filter>
    </ClCompile>
    <ClCompile Include="D:\Learn CCcode\CloudCompare-master\CC\src\DistanceComputationTools.cpp">
      <Filter>Source Files</Filter>
    </ClCompile>
    <ClCompile Include="D:\Learn CCcode\CloudCompare-master\CC\src\ErrorFunction.cpp">
      <Filter>Source Files</Filter>
    </ClCompile>
    <ClCompile Include="D:\Learn CCcode\CloudCompare-master\CC\src\FastMarching.cpp">
      <Filter>Source Files</Filter>
    </ClCompile>
    <ClCompile Include="D:\Learn CCcode\CloudCompare-master\CC\src\FastMarchingForPropagation.cpp">
      <Filter>Source Files</Filter>
    </ClCompile>
    <ClCompile Include="D:\Learn CCcode\CloudCompare-master\CC\src\GeometricalAnalysisTools.cpp">
      <Filter>Source Files</Filter>
    </ClCompile>
    <ClCompile Include="D:\Learn CCcode\CloudCompare-master\CC\src\KdTree.cpp">
      <Filter>Source Files</Filter>
    </ClCompile>
    <ClCompile Include="D:\Learn CCcode\CloudCompare-master\CC\src\LocalModel.cpp">
      <Filter>Source Files</Filter>
    </ClCompile>
    <ClCompile Include="D:\Learn CCcode\CloudCompare-master\CC\src\ManualSegmentationTools.cpp">
      <Filter>Source Files</Filter>
    </ClCompile>
    <ClCompile Include="D:\Learn CCcode\CloudCompare-master\CC\src\MeshSamplingTools.cpp">
      <Filter>Source Files</Filter>
    </ClCompile>
    <ClCompile Include="D:\Learn CCcode\CloudCompare-master\CC\src\Neighbourhood.cpp">
      <Filter>Source Files</Filter>
    </ClCompile>
    <ClCompile Include="D:\Learn CCcode\CloudCompare-master\CC\src\NormalDistribution.cpp">
      <Filter>Source Files</Filter>
    </ClCompile>
    <ClCompile Include="D:\Learn CCcode\CloudCompare-master\CC\src\NormalizedProgress.cpp">
      <Filter>Source Files</Filter>
    </ClCompile>
    <ClCompile Include="D:\Learn CCcode\CloudCompare-master\CC\src\PointProjectionTools.cpp">
      <Filter>Source Files</Filter>
    </ClCompile>
    <ClCompile Include="D:\Learn CCcode\CloudCompare-master\CC\src\Polyline.cpp">
      <Filter>Source Files</Filter>
    </ClCompile>
    <ClCompile Include="D:\Learn CCcode\CloudCompare-master\CC\src\ReferenceCloud.cpp">
      <Filter>Source Files</Filter>
    </ClCompile>
    <ClCompile Include="D:\Learn CCcode\CloudCompare-master\CC\src\RegistrationTools.cpp">
      <Filter>Source Files</Filter>
    </ClCompile>
    <ClCompile Include="D:\Learn CCcode\CloudCompare-master\CC\src\SaitoSquaredDistanceTransform.cpp">
      <Filter>Source Files</Filter>
    </ClCompile>
    <ClCompile Include="D:\Learn CCcode\CloudCompare-master\CC\src\ScalarField.cpp">
      <Filter>Source Files</Filter>
    </ClCompile>
    <ClCompile Include="D:\Learn CCcode\CloudCompare-master\CC\src\ScalarFieldTools.cpp">
      <Filter>Source Files</Filter>
    </ClCompile>
    <ClCompile Include="D:\Learn CCcode\CloudCompare-master\CC\src\SimpleCloud.cpp">
      <Filter>Source Files</Filter>
    </ClCompile>
    <ClCompile Include="D:\Learn CCcode\CloudCompare-master\CC\src\SimpleMesh.cpp">
      <Filter>Source Files</Filter>
    </ClCompile>
    <ClCompile Include="D:\Learn CCcode\CloudCompare-master\CC\src\StatisticalTestingTools.cpp">
      <Filter>Source Files</Filter>
    </ClCompile>
    <ClCompile Include="D:\Learn CCcode\CloudCompare-master\CC\src\TrueKdTree.cpp">
      <Filter>Source Files</Filter>
    </ClCompile>
    <ClCompile Include="D:\Learn CCcode\CloudCompare-master\CC\src\WeibullDistribution.cpp">
      <Filter>Source Files</Filter>
    </ClCompile>
    <ClCompile Include="D:\Learn CCcode\CC_code\CC\CC_CORE_LIB_automoc.cpp">
      <Filter>Source Files</Filter>
    </ClCompile>
  </ItemGroup>
  <ItemGroup>
    <ClInclude Include="D:\Learn CCcode\CloudCompare-master\CC\include\AutoSegmentationTools.h">
      <Filter>Header Files</Filter>
    </ClInclude>
    <ClInclude Include="D:\Learn CCcode\CloudCompare-master\CC\include\CCConst.h">
      <Filter>Header Files</Filter>
    </ClInclude>
    <ClInclude Include="D:\Learn CCcode\CloudCompare-master\CC\include\CCCoreLib.h">
      <Filter>Header Files</Filter>
    </ClInclude>
    <ClInclude Include="D:\Learn CCcode\CloudCompare-master\CC\include\CCGeom.h">
      <Filter>Header Files</Filter>
    </ClInclude>
    <ClInclude Include="D:\Learn CCcode\CloudCompare-master\CC\include\CCMiscTools.h">
      <Filter>Header Files</Filter>
    </ClInclude>
    <ClInclude Include="D:\Learn CCcode\CloudCompare-master\CC\include\CCPlatform.h">
      <Filter>Header Files</Filter>
    </ClInclude>
    <ClInclude Include="D:\Learn CCcode\CloudCompare-master\CC\include\CCShareable.h">
      <Filter>Header Files</Filter>
    </ClInclude>
    <ClInclude Include="D:\Learn CCcode\CloudCompare-master\CC\include\CCToolbox.h">
      <Filter>Header Files</Filter>
    </ClInclude>
    <ClInclude Include="D:\Learn CCcode\CloudCompare-master\CC\include\CCTypes.h">
      <Filter>Header Files</Filter>
    </ClInclude>
    <ClInclude Include="D:\Learn CCcode\CloudCompare-master\CC\include\ChamferDistanceTransform.h">
      <Filter>Header Files</Filter>
    </ClInclude>
    <ClInclude Include="D:\Learn CCcode\CloudCompare-master\CC\include\ChunkedPointCloud.h">
      <Filter>Header Files</Filter>
    </ClInclude>
    <ClInclude Include="D:\Learn CCcode\CloudCompare-master\CC\include\CloudSamplingTools.h">
      <Filter>Header Files</Filter>
    </ClInclude>
    <ClInclude Include="D:\Learn CCcode\CloudCompare-master\CC\include\ConjugateGradient.h">
      <Filter>Header Files</Filter>
    </ClInclude>
    <ClInclude Include="D:\Learn CCcode\CloudCompare-master\CC\include\Delaunay2dMesh.h">
      <Filter>Header Files</Filter>
    </ClInclude>
    <ClInclude Include="D:\Learn CCcode\CloudCompare-master\CC\include\DgmOctree.h">
      <Filter>Header Files</Filter>
    </ClInclude>
    <ClInclude Include="D:\Learn CCcode\CloudCompare-master\CC\include\DgmOctreeReferenceCloud.h">
      <Filter>Header Files</Filter>
    </ClInclude>
    <ClInclude Include="D:\Learn CCcode\CloudCompare-master\CC\include\DistanceComputationTools.h">
      <Filter>Header Files</Filter>
    </ClInclude>
    <ClInclude Include="D:\Learn CCcode\CloudCompare-master\CC\include\ErrorFunction.h">
      <Filter>Header Files</Filter>
    </ClInclude>
    <ClInclude Include="D:\Learn CCcode\CloudCompare-master\CC\include\FastMarching.h">
      <Filter>Header Files</Filter>
    </ClInclude>
    <ClInclude Include="D:\Learn CCcode\CloudCompare-master\CC\include\FastMarchingForPropagation.h">
      <Filter>Header Files</Filter>
    </ClInclude>
    <ClInclude Include="D:\Learn CCcode\CloudCompare-master\CC\include\Garbage.h">
      <Filter>Header Files</Filter>
    </ClInclude>
    <ClInclude Include="D:\Learn CCcode\CloudCompare-master\CC\include\GenericChunkedArray.h">
      <Filter>Header Files</Filter>
    </ClInclude>
    <ClInclude Include="D:\Learn CCcode\CloudCompare-master\CC\include\GenericCloud.h">
      <Filter>Header Files</Filter>
    </ClInclude>
    <ClInclude Include="D:\Learn CCcode\CloudCompare-master\CC\include\GenericDistribution.h">
      <Filter>Header Files</Filter>
    </ClInclude>
    <ClInclude Include="D:\Learn CCcode\CloudCompare-master\CC\include\GenericIndexedCloud.h">
      <Filter>Header Files</Filter>
    </ClInclude>
    <ClInclude Include="D:\Learn CCcode\CloudCompare-master\CC\include\GenericIndexedCloudPersist.h">
      <Filter>Header Files</Filter>
    </ClInclude>
    <ClInclude Include="D:\Learn CCcode\CloudCompare-master\CC\include\GenericIndexedMesh.h">
      <Filter>Header Files</Filter>
    </ClInclude>
    <ClInclude Include="D:\Learn CCcode\CloudCompare-master\CC\include\GenericMesh.h">
      <Filter>Header Files</Filter>
    </ClInclude>
    <ClInclude Include="D:\Learn CCcode\CloudCompare-master\CC\include\GenericOctree.h">
      <Filter>Header Files</Filter>
    </ClInclude>
    <ClInclude Include="D:\Learn CCcode\CloudCompare-master\CC\include\GenericProgressCallback.h">
      <Filter>Header Files</Filter>
    </ClInclude>
    <ClInclude Include="D:\Learn CCcode\CloudCompare-master\CC\include\GenericTriangle.h">
      <Filter>Header Files</Filter>
    </ClInclude>
    <ClInclude Include="D:\Learn CCcode\CloudCompare-master\CC\include\GeometricalAnalysisTools.h">
      <Filter>Header Files</Filter>
    </ClInclude>
    <ClInclude Include="D:\Learn CCcode\CloudCompare-master\CC\include\Grid3D.h">
      <Filter>Header Files</Filter>
    </ClInclude>
    <ClInclude Include="D:\Learn CCcode\CloudCompare-master\CC\include\Jacobi.h">
      <Filter>Header Files</Filter>
    </ClInclude>
    <ClInclude Include="D:\Learn CCcode\CloudCompare-master\CC\include\KdTree.h">
      <Filter>Header Files</Filter>
    </ClInclude>
    <ClInclude Include="D:\Learn CCcode\CloudCompare-master\CC\include\LocalModel.h">
      <Filter>Header Files</Filter>
    </ClInclude>
    <ClInclude Include="D:\Learn CCcode\CloudCompare-master\CC\include\ManualSegmentationTools.h">
      <Filter>Header Files</Filter>
    </ClInclude>
    <ClInclude Include="D:\Learn CCcode\CloudCompare-master\CC\include\MathTools.h">
      <Filter>Header Files</Filter>
    </ClInclude>
    <ClInclude Include="D:\Learn CCcode\CloudCompare-master\CC\include\MeshSamplingTools.h">
      <Filter>Header Files</Filter>
    </ClInclude>
    <ClInclude Include="D:\Learn CCcode\CloudCompare-master\CC\include\Neighbourhood.h">
      <Filter>Header Files</Filter>
    </ClInclude>
    <ClInclude Include="D:\Learn CCcode\CloudCompare-master\CC\include\NormalDistribution.h">
      <Filter>Header Files</Filter>
    </ClInclude>
    <ClInclude Include="D:\Learn CCcode\CloudCompare-master\CC\include\PointProjectionTools.h">
      <Filter>Header Files</Filter>
    </ClInclude>
    <ClInclude Include="D:\Learn CCcode\CloudCompare-master\CC\include\Polyline.h">
      <Filter>Header Files</Filter>
    </ClInclude>
    <ClInclude Include="D:\Learn CCcode\CloudCompare-master\CC\include\RayAndBox.h">
      <Filter>Header Files</Filter>
    </ClInclude>
    <ClInclude Include="D:\Learn CCcode\CloudCompare-master\CC\include\ReferenceCloud.h">
      <Filter>Header Files</Filter>
    </ClInclude>
    <ClInclude Include="D:\Learn CCcode\CloudCompare-master\CC\include\RegistrationTools.h">
      <Filter>Header Files</Filter>
    </ClInclude>
    <ClInclude Include="D:\Learn CCcode\CloudCompare-master\CC\include\SaitoSquaredDistanceTransform.h">
      <Filter>Header Files</Filter>
    </ClInclude>
    <ClInclude Include="D:\Learn CCcode\CloudCompare-master\CC\include\ScalarField.h">
      <Filter>Header Files</Filter>
    </ClInclude>
    <ClInclude Include="D:\Learn CCcode\CloudCompare-master\CC\include\ScalarFieldTools.h">
      <Filter>Header Files</Filter>
    </ClInclude>
    <ClInclude Include="D:\Learn CCcode\CloudCompare-master\CC\include\SimpleCloud.h">
      <Filter>Header Files</Filter>
    </ClInclude>
    <ClInclude Include="D:\Learn CCcode\CloudCompare-master\CC\include\SimpleMesh.h">
      <Filter>Header Files</Filter>
    </ClInclude>
    <ClInclude Include="D:\Learn CCcode\CloudCompare-master\CC\include\SimpleTriangle.h">
      <Filter>Header Files</Filter>
    </ClInclude>
    <ClInclude Include="D:\Learn CCcode\CloudCompare-master\CC\include\SortAlgo.h">
      <Filter>Header Files</Filter>
    </ClInclude>
    <ClInclude Include="D:\Learn CCcode\CloudCompare-master\CC\include\SquareMatrix.h">
      <Filter>Header Files</Filter>
    </ClInclude>
    <ClInclude Include="D:\Learn CCcode\CloudCompare-master\CC\include\StatisticalTestingTools.h">
      <Filter>Header Files</Filter>
    </ClInclude>
    <ClInclude Include="D:\Learn CCcode\CloudCompare-master\CC\include\TrueKdTree.h">
      <Filter>Header Files</Filter>
    </ClInclude>
    <ClInclude Include="D:\Learn CCcode\CloudCompare-master\CC\include\WeibullDistribution.h">
      <Filter>Header Files</Filter>
    </ClInclude>
    <ClInclude Include="D:\Learn CCcode\CloudCompare-master\CC\src\Chi2Helper.h">
      <Filter>Header Files</Filter>
    </ClInclude>
  </ItemGroup>
  <ItemGroup>
    <CustomBuild Include="D:\Learn CCcode\CloudCompare-master\CC\CMakeLists.txt" />
  </ItemGroup>
  <ItemGroup>
    <Filter Include="Source Files">
      <UniqueIdentifier>{A43CA4F2-7B23-4E86-8CCE-D6555C7ED6EC}</UniqueIdentifier>
    </Filter>
    <Filter Include="Header Files">
      <UniqueIdentifier>{CEB58F8D-5430-4799-AE61-AFF48D74C920}</UniqueIdentifier>
    </Filter>
  </ItemGroup>
</Project>
