<?xml version="1.0" encoding="utf-8"?>
<Project ToolsVersion="14.0" xmlns="http://schemas.microsoft.com/developer/msbuild/2003">
  <ItemGroup>
    <ClCompile Include="D:\Learn CCcode\CloudCompare-master\ccViewer\ccviewer.cpp">
      <Filter>Source Files</Filter>
    </ClCompile>
    <ClCompile Include="D:\Learn CCcode\CloudCompare-master\ccViewer\main.cpp">
      <Filter>Source Files</Filter>
    </ClCompile>
    <ClCompile Include="D:\Learn CCcode\CloudCompare-master\qCC\ccOverlayDialog.cpp">
      <Filter>Source Files</Filter>
    </ClCompile>
    <ClCompile Include="D:\Learn CCcode\CloudCompare-master\qCC\ccCameraParamEditDlg.cpp">
      <Filter>Source Files</Filter>
    </ClCompile>
    <ClCompile Include="D:\Learn CCcode\CloudCompare-master\qCC\ccDisplayOptionsDlg.cpp">
      <Filter>Source Files</Filter>
    </ClCompile>
    <ClCompile Include="D:\Learn CCcode\CloudCompare-master\qCC\ccStereoModeDlg.cpp">
      <Filter>Source Files</Filter>
    </ClCompile>
    <ClCompile Include="D:\Learn CCcode\CloudCompare-master\qCC\ccPickOneElementDlg.cpp">
      <Filter>Source Files</Filter>
    </ClCompile>
    <ClCompile Include="D:\Learn CCcode\CloudCompare-master\qCC\ccPickingHub.cpp">
      <Filter>Source Files</Filter>
    </ClCompile>
    <ClCompile Include="D:\Learn CCcode\CC_code\ccViewer\qrc_icones.cpp">
      <Filter>Source Files</Filter>
    </ClCompile>
    <ClCompile Include="D:\Learn CCcode\CC_code\ccViewer\ccViewer_automoc.cpp">
      <Filter>Source Files</Filter>
    </ClCompile>
  </ItemGroup>
  <ItemGroup>
    <ClInclude Include="D:\Learn CCcode\CloudCompare-master\ccViewer\ccviewer.h">
      <Filter>Header Files</Filter>
    </ClInclude>
    <ClInclude Include="D:\Learn CCcode\CloudCompare-master\ccViewer\ccviewerlog.h">
      <Filter>Header Files</Filter>
    </ClInclude>
    <ClInclude Include="D:\Learn CCcode\CloudCompare-master\qCC\ccOverlayDialog.h">
      <Filter>Header Files</Filter>
    </ClInclude>
    <ClInclude Include="D:\Learn CCcode\CloudCompare-master\qCC\ccCameraParamEditDlg.h">
      <Filter>Header Files</Filter>
    </ClInclude>
    <ClInclude Include="D:\Learn CCcode\CloudCompare-master\qCC\ccDisplayOptionsDlg.h">
      <Filter>Header Files</Filter>
    </ClInclude>
    <ClInclude Include="D:\Learn CCcode\CloudCompare-master\qCC\ccStereoModeDlg.h">
      <Filter>Header Files</Filter>
    </ClInclude>
    <ClInclude Include="D:\Learn CCcode\CloudCompare-master\qCC\ccPickOneElementDlg.h">
      <Filter>Header Files</Filter>
    </ClInclude>
    <ClInclude Include="D:\Learn CCcode\CloudCompare-master\qCC\ccPickingHub.h">
      <Filter>Header Files</Filter>
    </ClInclude>
    <ClInclude Include="D:\Learn CCcode\CC_code\ccViewer\ui_ccviewer.h">
      <Filter>Header Files</Filter>
    </ClInclude>
    <ClInclude Include="D:\Learn CCcode\CC_code\ccViewer\ui_ccviewerAbout.h">
      <Filter>Header Files</Filter>
    </ClInclude>
    <ClInclude Include="D:\Learn CCcode\CC_code\ccViewer\ui_cameraParamDlg.h">
      <Filter>Header Files</Filter>
    </ClInclude>
    <ClInclude Include="D:\Learn CCcode\CC_code\ccViewer\ui_displayOptionsDlg.h">
      <Filter>Header Files</Filter>
    </ClInclude>
    <ClInclude Include="D:\Learn CCcode\CC_code\ccViewer\ui_stereoModeDlg.h">
      <Filter>Header Files</Filter>
    </ClInclude>
    <ClInclude Include="D:\Learn CCcode\CC_code\ccViewer\ui_pickOneElementDlg.h">
      <Filter>Header Files</Filter>
    </ClInclude>
  </ItemGroup>
  <ItemGroup>
    <CustomBuild Include="D:\Learn CCcode\CloudCompare-master\ccViewer\CMakeLists.txt" />
    <CustomBuild Include="D:\Learn CCcode\CloudCompare-master\qCC\icones.qrc" />
    <CustomBuild Include="D:\Learn CCcode\CloudCompare-master\qCC\ui_templates\cameraParamDlg.ui">
      <Filter>Form Files</Filter>
    </CustomBuild>
    <CustomBuild Include="D:\Learn CCcode\CloudCompare-master\ccViewer\ui_templates\ccviewer.ui">
      <Filter>Form Files</Filter>
    </CustomBuild>
    <CustomBuild Include="D:\Learn CCcode\CloudCompare-master\ccViewer\ui_templates\ccviewerAbout.ui">
      <Filter>Form Files</Filter>
    </CustomBuild>
    <CustomBuild Include="D:\Learn CCcode\CloudCompare-master\qCC\ui_templates\displayOptionsDlg.ui">
      <Filter>Form Files</Filter>
    </CustomBuild>
    <CustomBuild Include="D:\Learn CCcode\CloudCompare-master\qCC\ui_templates\pickOneElementDlg.ui">
      <Filter>Form Files</Filter>
    </CustomBuild>
    <CustomBuild Include="D:\Learn CCcode\CloudCompare-master\qCC\ui_templates\stereoModeDlg.ui">
      <Filter>Form Files</Filter>
    </CustomBuild>
  </ItemGroup>
  <ItemGroup>
    <ResourceCompile Include="D:\Learn CCcode\CloudCompare-master\ccViewer\images\icon\cc_viewer_icon.rc">
      <Filter>Source Files</Filter>
    </ResourceCompile>
  </ItemGroup>
  <ItemGroup>
    <Filter Include="Source Files">
      <UniqueIdentifier>{A43CA4F2-7B23-4E86-8CCE-D6555C7ED6EC}</UniqueIdentifier>
    </Filter>
    <Filter Include="Header Files">
      <UniqueIdentifier>{CEB58F8D-5430-4799-AE61-AFF48D74C920}</UniqueIdentifier>
    </Filter>
    <Filter Include="Form Files">
      <UniqueIdentifier>{ee111d84-e66c-4db9-9cab-acf0de17100d}</UniqueIdentifier>
    </Filter>
  </ItemGroup>
</Project>